
Microsoft Visual Studio Solution File, Format Version 12.00
# Visual Studio Version 17
VisualStudioVersion = 17.10.35013.160
MinimumVisualStudioVersion = 10.0.40219.1
Project("{FAE04EC0-301F-11D3-BF4B-00C04F79EFBC}") = "FirstChallengeRIT", "FirstChallengeRIT\FirstChallengeRIT.csproj", "{88CC6268-DAA6-4F0A-B2B9-61F8DB0BE887}"
EndProject
Global
	GlobalSection(SolutionConfigurationPlatforms) = preSolution
		Debug|Any CPU = Debug|Any CPU
		Release|Any CPU = Release|Any CPU
	EndGlobalSection
	GlobalSection(ProjectConfigurationPlatforms) = postSolution
		{88CC6268-DAA6-4F0A-B2B9-61F8DB0BE887}.Debug|Any CPU.ActiveCfg = Debug|Any CPU
		{88CC6268-DAA6-4F0A-B2B9-61F8DB0BE887}.Debug|Any CPU.Build.0 = Debug|Any CPU
		{88CC6268-DAA6-4F0A-B2B9-61F8DB0BE887}.Release|Any CPU.ActiveCfg = Release|Any CPU
		{88CC6268-DAA6-4F0A-B2B9-61F8DB0BE887}.Release|Any CPU.Build.0 = Release|Any CPU
	EndGlobalSection
	GlobalSection(SolutionProperties) = preSolution
		HideSolutionNode = FALSE
	EndGlobalSection
	GlobalSection(ExtensibilityGlobals) = postSolution
		SolutionGuid = {05543378-ED44-4E52-8ADE-BC4A85690F6F}
	EndGlobalSection
EndGlobal
